// !$*UTF8*$!
{
	archiveVersion = 1;
	classes = {
	};
	objectVersion = 77;
	objects = {

/* Begin PBXContainerItemProxy section */
		DFD9D9882CE3126000B1B2BC /* PBXContainerItemProxy */ = {
			isa = PBXContainerItemProxy;
			containerPortal = DFD9D96F2CE3125E00B1B2BC /* Project object */;
			proxyType = 1;
			remoteGlobalIDString = DFD9D9762CE3125E00B1B2BC;
			remoteInfo = "INCamp-Hackaton";
		};
		DFD9D9922CE3126000B1B2BC /* PBXContainerItemProxy */ = {
			isa = PBXContainerItemProxy;
			containerPortal = DFD9D96F2CE3125E00B1B2BC /* Project object */;
			proxyType = 1;
			remoteGlobalIDString = DFD9D9762CE3125E00B1B2BC;
			remoteInfo = "INCamp-Hackaton";
		};
/* End PBXContainerItemProxy section */

/* Begin PBXFileReference section */
		DFD9D9772CE3125E00B1B2BC /* INCamp-Hackaton.app */ = {isa = PBXFileReference; explicitFileType = wrapper.application; includeInIndex = 0; path = "INCamp-Hackaton.app"; sourceTree = BUILT_PRODUCTS_DIR; };
		DFD9D9872CE3126000B1B2BC /* INCamp-HackatonTests.xctest */ = {isa = PBXFileReference; explicitFileType = wrapper.cfbundle; includeInIndex = 0; path = "INCamp-HackatonTests.xctest"; sourceTree = BUILT_PRODUCTS_DIR; };
		DFD9D9912CE3126000B1B2BC /* INCamp-HackatonUITests.xctest */ = {isa = PBXFileReference; explicitFileType = wrapper.cfbundle; includeInIndex = 0; path = "INCamp-HackatonUITests.xctest"; sourceTree = BUILT_PRODUCTS_DIR; };
/* End PBXFileReference section */

/* Begin PBXFileSystemSynchronizedRootGroup section */
		DFD9D9792CE3125E00B1B2BC /* INCamp-Hackaton */ = {
			isa = PBXFileSystemSynchronizedRootGroup;
			path = "INCamp-Hackaton";
			sourceTree = "<group>";
		};
		DFD9D98A2CE3126000B1B2BC /* INCamp-HackatonTests */ = {
			isa = PBXFileSystemSynchronizedRootGroup;
			path = "INCamp-HackatonTests";
			sourceTree = "<group>";
		};
		DFD9D9942CE3126000B1B2BC /* INCamp-HackatonUITests */ = {
			isa = PBXFileSystemSynchronizedRootGroup;
			path = "INCamp-HackatonUITests";
			sourceTree = "<group>";
		};
/* End PBXFileSystemSynchronizedRootGroup section */

/* Begin PBXFrameworksBuildPhase section */
		DFD9D9742CE3125E00B1B2BC /* Frameworks */ = {
			isa = PBXFrameworksBuildPhase;
			buildActionMask = 2147483647;
			files = (
			);
			runOnlyForDeploymentPostprocessing = 0;
		};
		DFD9D9842CE3126000B1B2BC /* Frameworks */ = {
			isa = PBXFrameworksBuildPhase;
			buildActionMask = 2147483647;
			files = (
			);
			runOnlyForDeploymentPostprocessing = 0;
		};
		DFD9D98E2CE3126000B1B2BC /* Frameworks */ = {
			isa = PBXFrameworksBuildPhase;
			buildActionMask = 2147483647;
			files = (
			);
			runOnlyForDeploymentPostprocessing = 0;
		};
/* End PBXFrameworksBuildPhase section */

/* Begin PBXGroup section */
		DFD9D96E2CE3125E00B1B2BC = {
			isa = PBXGroup;
			children = (
				DFD9D9792CE3125E00B1B2BC /* INCamp-Hackaton */,
				DFD9D98A2CE3126000B1B2BC /* INCamp-HackatonTests */,
				DFD9D9942CE3126000B1B2BC /* INCamp-HackatonUITests */,
				DFD9D9782CE3125E00B1B2BC /* Products */,
			);
			sourceTree = "<group>";
		};
		DFD9D9782CE3125E00B1B2BC /* Products */ = {
			isa = PBXGroup;
			children = (
				DFD9D9772CE3125E00B1B2BC /* INCamp-Hackaton.app */,
				DFD9D9872CE3126000B1B2BC /* INCamp-HackatonTests.xctest */,
				DFD9D9912CE3126000B1B2BC /* INCamp-HackatonUITests.xctest */,
			);
			name = Products;
			sourceTree = "<group>";
		};
/* End PBXGroup section */

/* Begin PBXNativeTarget section */
		DFD9D9762CE3125E00B1B2BC /* INCamp-Hackaton */ = {
			isa = PBXNativeTarget;
			buildConfigurationList = DFD9D99B2CE3126000B1B2BC /* Build configuration list for PBXNativeTarget "INCamp-Hackaton" */;
			buildPhases = (
				DFD9D9732CE3125E00B1B2BC /* Sources */,
				DFD9D9742CE3125E00B1B2BC /* Frameworks */,
				DFD9D9752CE3125E00B1B2BC /* Resources */,
			);
			buildRules = (
			);
			dependencies = (
			);
			fileSystemSynchronizedGroups = (
				DFD9D9792CE3125E00B1B2BC /* INCamp-Hackaton */,
			);
			name = "INCamp-Hackaton";
			packageProductDependencies = (
			);
			productName = "INCamp-Hackaton";
			productReference = DFD9D9772CE3125E00B1B2BC /* INCamp-Hackaton.app */;
			productType = "com.apple.product-type.application";
		};
		DFD9D9862CE3126000B1B2BC /* INCamp-HackatonTests */ = {
			isa = PBXNativeTarget;
			buildConfigurationList = DFD9D99E2CE3126000B1B2BC /* Build configuration list for PBXNativeTarget "INCamp-HackatonTests" */;
			buildPhases = (
				DFD9D9832CE3126000B1B2BC /* Sources */,
				DFD9D9842CE3126000B1B2BC /* Frameworks */,
				DFD9D9852CE3126000B1B2BC /* Resources */,
			);
			buildRules = (
			);
			dependencies = (
				DFD9D9892CE3126000B1B2BC /* PBXTargetDependency */,
			);
			fileSystemSynchronizedGroups = (
				DFD9D98A2CE3126000B1B2BC /* INCamp-HackatonTests */,
			);
			name = "INCamp-HackatonTests";
			packageProductDependencies = (
			);
			productName = "INCamp-HackatonTests";
			productReference = DFD9D9872CE3126000B1B2BC /* INCamp-HackatonTests.xctest */;
			productType = "com.apple.product-type.bundle.unit-test";
		};
		DFD9D9902CE3126000B1B2BC /* INCamp-HackatonUITests */ = {
			isa = PBXNativeTarget;
			buildConfigurationList = DFD9D9A12CE3126000B1B2BC /* Build configuration list for PBXNativeTarget "INCamp-HackatonUITests" */;
			buildPhases = (
				DFD9D98D2CE3126000B1B2BC /* Sources */,
				DFD9D98E2CE3126000B1B2BC /* Frameworks */,
				DFD9D98F2CE3126000B1B2BC /* Resources */,
			);
			buildRules = (
			);
			dependencies = (
				DFD9D9932CE3126000B1B2BC /* PBXTargetDependency */,
			);
			fileSystemSynchronizedGroups = (
				DFD9D9942CE3126000B1B2BC /* INCamp-HackatonUITests */,
			);
			name = "INCamp-HackatonUITests";
			packageProductDependencies = (
			);
			productName = "INCamp-HackatonUITests";
			productReference = DFD9D9912CE3126000B1B2BC /* INCamp-HackatonUITests.xctest */;
			productType = "com.apple.product-type.bundle.ui-testing";
		};
/* End PBXNativeTarget section */

/* Begin PBXProject section */
		DFD9D96F2CE3125E00B1B2BC /* Project object */ = {
			isa = PBXProject;
			attributes = {
				BuildIndependentTargetsInParallel = 1;
				LastSwiftUpdateCheck = 1610;
				LastUpgradeCheck = 1610;
				TargetAttributes = {
					DFD9D9762CE3125E00B1B2BC = {
						CreatedOnToolsVersion = 16.1;
					};
					DFD9D9862CE3126000B1B2BC = {
						CreatedOnToolsVersion = 16.1;
						TestTargetID = DFD9D9762CE3125E00B1B2BC;
					};
					DFD9D9902CE3126000B1B2BC = {
						CreatedOnToolsVersion = 16.1;
						TestTargetID = DFD9D9762CE3125E00B1B2BC;
					};
				};
			};
			buildConfigurationList = DFD9D9722CE3125E00B1B2BC /* Build configuration list for PBXProject "INCamp-Hackaton" */;
			developmentRegion = en;
			hasScannedForEncodings = 0;
			knownRegions = (
				en,
				Base,
			);
			mainGroup = DFD9D96E2CE3125E00B1B2BC;
			minimizedProjectReferenceProxies = 1;
			preferredProjectObjectVersion = 77;
			productRefGroup = DFD9D9782CE3125E00B1B2BC /* Products */;
			projectDirPath = "";
			projectRoot = "";
			targets = (
				DFD9D9762CE3125E00B1B2BC /* INCamp-Hackaton */,
				DFD9D9862CE3126000B1B2BC /* INCamp-HackatonTests */,
				DFD9D9902CE3126000B1B2BC /* INCamp-HackatonUITests */,
			);
		};
/* End PBXProject section */

/* Begin PBXResourcesBuildPhase section */
		DFD9D9752CE3125E00B1B2BC /* Resources */ = {
			isa = PBXResourcesBuildPhase;
			buildActionMask = 2147483647;
			files = (
			);
			runOnlyForDeploymentPostprocessing = 0;
		};
		DFD9D9852CE3126000B1B2BC /* Resources */ = {
			isa = PBXResourcesBuildPhase;
			buildActionMask = 2147483647;
			files = (
			);
			runOnlyForDeploymentPostprocessing = 0;
		};
		DFD9D98F2CE3126000B1B2BC /* Resources */ = {
			isa = PBXResourcesBuildPhase;
			buildActionMask = 2147483647;
			files = (
			);
			runOnlyForDeploymentPostprocessing = 0;
		};
/* End PBXResourcesBuildPhase section */

/* Begin PBXSourcesBuildPhase section */
		DFD9D9732CE3125E00B1B2BC /* Sources */ = {
			isa = PBXSourcesBuildPhase;
			buildActionMask = 2147483647;
			files = (
			);
			runOnlyForDeploymentPostprocessing = 0;
		};
		DFD9D9832CE3126000B1B2BC /* Sources */ = {
			isa = PBXSourcesBuildPhase;
			buildActionMask = 2147483647;
			files = (
			);
			runOnlyForDeploymentPostprocessing = 0;
		};
		DFD9D98D2CE3126000B1B2BC /* Sources */ = {
			isa = PBXSourcesBuildPhase;
			buildActionMask = 2147483647;
			files = (
			);
			runOnlyForDeploymentPostprocessing = 0;
		};
/* End PBXSourcesBuildPhase section */

/* Begin PBXTargetDependency section */
		DFD9D9892CE3126000B1B2BC /* PBXTargetDependency */ = {
			isa = PBXTargetDependency;
			target = DFD9D9762CE3125E00B1B2BC /* INCamp-Hackaton */;
			targetProxy = DFD9D9882CE3126000B1B2BC /* PBXContainerItemProxy */;
		};
		DFD9D9932CE3126000B1B2BC /* PBXTargetDependency */ = {
			isa = PBXTargetDependency;
			target = DFD9D9762CE3125E00B1B2BC /* INCamp-Hackaton */;
			targetProxy = DFD9D9922CE3126000B1B2BC /* PBXContainerItemProxy */;
		};
/* End PBXTargetDependency section */

/* Begin XCBuildConfiguration section */
		DFD9D9992CE3126000B1B2BC /* Debug */ = {
			isa = XCBuildConfiguration;
			buildSettings = {
				ALWAYS_SEARCH_USER_PATHS = NO;
				ASSETCATALOG_COMPILER_GENERATE_SWIFT_ASSET_SYMBOL_EXTENSIONS = YES;
				CLANG_ANALYZER_NONNULL = YES;
				CLANG_ANALYZER_NUMBER_OBJECT_CONVERSION = YES_AGGRESSIVE;
				CLANG_CXX_LANGUAGE_STANDARD = "gnu++20";
				CLANG_ENABLE_MODULES = YES;
				CLANG_ENABLE_OBJC_ARC = YES;
				CLANG_ENABLE_OBJC_WEAK = YES;
				CLANG_WARN_BLOCK_CAPTURE_AUTORELEASING = YES;
				CLANG_WARN_BOOL_CONVERSION = YES;
				CLANG_WARN_COMMA = YES;
				CLANG_WARN_CONSTANT_CONVERSION = YES;
				CLANG_WARN_DEPRECATED_OBJC_IMPLEMENTATIONS = YES;
				CLANG_WARN_DIRECT_OBJC_ISA_USAGE = YES_ERROR;
				CLANG_WARN_DOCUMENTATION_COMMENTS = YES;
				CLANG_WARN_EMPTY_BODY = YES;
				CLANG_WARN_ENUM_CONVERSION = YES;
				CLANG_WARN_INFINITE_RECURSION = YES;
				CLANG_WARN_INT_CONVERSION = YES;
				CLANG_WARN_NON_LITERAL_NULL_CONVERSION = YES;
				CLANG_WARN_OBJC_IMPLICIT_RETAIN_SELF = YES;
				CLANG_WARN_OBJC_LITERAL_CONVERSION = YES;
				CLANG_WARN_OBJC_ROOT_CLASS = YES_ERROR;
				CLANG_WARN_QUOTED_INCLUDE_IN_FRAMEWORK_HEADER = YES;
				CLANG_WARN_RANGE_LOOP_ANALYSIS = YES;
				CLANG_WARN_STRICT_PROTOTYPES = YES;
				CLANG_WARN_SUSPICIOUS_MOVE = YES;
				CLANG_WARN_UNGUARDED_AVAILABILITY = YES_AGGRESSIVE;
				CLANG_WARN_UNREACHABLE_CODE = YES;
				CLANG_WARN__DUPLICATE_METHOD_MATCH = YES;
				COPY_PHASE_STRIP = NO;
				DEBUG_INFORMATION_FORMAT = dwarf;
				ENABLE_STRICT_OBJC_MSGSEND = YES;
				ENABLE_TESTABILITY = YES;
				ENABLE_USER_SCRIPT_SANDBOXING = YES;
				GCC_C_LANGUAGE_STANDARD = gnu17;
				GCC_DYNAMIC_NO_PIC = NO;
				GCC_NO_COMMON_BLOCKS = YES;
				GCC_OPTIMIZATION_LEVEL = 0;
				GCC_PREPROCESSOR_DEFINITIONS = (
					"DEBUG=1",
					"$(inherited)",
				);
				GCC_WARN_64_TO_32_BIT_CONVERSION = YES;
				GCC_WARN_ABOUT_RETURN_TYPE = YES_ERROR;
				GCC_WARN_UNDECLARED_SELECTOR = YES;
				GCC_WARN_UNINITIALIZED_AUTOS = YES_AGGRESSIVE;
				GCC_WARN_UNUSED_FUNCTION = YES;
				GCC_WARN_UNUSED_VARIABLE = YES;
				IPHONEOS_DEPLOYMENT_TARGET = 18.1;
				LOCALIZATION_PREFERS_STRING_CATALOGS = YES;
				MTL_ENABLE_DEBUG_INFO = INCLUDE_SOURCE;
				MTL_FAST_MATH = YES;
				ONLY_ACTIVE_ARCH = YES;
				SDKROOT = iphoneos;
				SWIFT_ACTIVE_COMPILATION_CONDITIONS = "DEBUG $(inherited)";
				SWIFT_OPTIMIZATION_LEVEL = "-Onone";
			};
			name = Debug;
		};
		DFD9D99A2CE3126000B1B2BC /* Release */ = {
			isa = XCBuildConfiguration;
			buildSettings = {
				ALWAYS_SEARCH_USER_PATHS = NO;
				ASSETCATALOG_COMPILER_GENERATE_SWIFT_ASSET_SYMBOL_EXTENSIONS = YES;
				CLANG_ANALYZER_NONNULL = YES;
				CLANG_ANALYZER_NUMBER_OBJECT_CONVERSION = YES_AGGRESSIVE;
				CLANG_CXX_LANGUAGE_STANDARD = "gnu++20";
				CLANG_ENABLE_MODULES = YES;
				CLANG_ENABLE_OBJC_ARC = YES;
				CLANG_ENABLE_OBJC_WEAK = YES;
				CLANG_WARN_BLOCK_CAPTURE_AUTORELEASING = YES;
				CLANG_WARN_BOOL_CONVERSION = YES;
				CLANG_WARN_COMMA = YES;
				CLANG_WARN_CONSTANT_CONVERSION = YES;
				CLANG_WARN_DEPRECATED_OBJC_IMPLEMENTATIONS = YES;
				CLANG_WARN_DIRECT_OBJC_ISA_USAGE = YES_ERROR;
				CLANG_WARN_DOCUMENTATION_COMMENTS = YES;
				CLANG_WARN_EMPTY_BODY = YES;
				CLANG_WARN_ENUM_CONVERSION = YES;
				CLANG_WARN_INFINITE_RECURSION = YES;
				CLANG_WARN_INT_CONVERSION = YES;
				CLANG_WARN_NON_LITERAL_NULL_CONVERSION = YES;
				CLANG_WARN_OBJC_IMPLICIT_RETAIN_SELF = YES;
				CLANG_WARN_OBJC_LITERAL_CONVERSION = YES;
				CLANG_WARN_OBJC_ROOT_CLASS = YES_ERROR;
				CLANG_WARN_QUOTED_INCLUDE_IN_FRAMEWORK_HEADER = YES;
				CLANG_WARN_RANGE_LOOP_ANALYSIS = YES;
				CLANG_WARN_STRICT_PROTOTYPES = YES;
				CLANG_WARN_SUSPICIOUS_MOVE = YES;
				CLANG_WARN_UNGUARDED_AVAILABILITY = YES_AGGRESSIVE;
				CLANG_WARN_UNREACHABLE_CODE = YES;
				CLANG_WARN__DUPLICATE_METHOD_MATCH = YES;
				COPY_PHASE_STRIP = NO;
				DEBUG_INFORMATION_FORMAT = "dwarf-with-dsym";
				ENABLE_NS_ASSERTIONS = NO;
				ENABLE_STRICT_OBJC_MSGSEND = YES;
				ENABLE_USER_SCRIPT_SANDBOXING = YES;
				GCC_C_LANGUAGE_STANDARD = gnu17;
				GCC_NO_COMMON_BLOCKS = YES;
				GCC_WARN_64_TO_32_BIT_CONVERSION = YES;
				GCC_WARN_ABOUT_RETURN_TYPE = YES_ERROR;
				GCC_WARN_UNDECLARED_SELECTOR = YES;
				GCC_WARN_UNINITIALIZED_AUTOS = YES_AGGRESSIVE;
				GCC_WARN_UNUSED_FUNCTION = YES;
				GCC_WARN_UNUSED_VARIABLE = YES;
				IPHONEOS_DEPLOYMENT_TARGET = 18.1;
				LOCALIZATION_PREFERS_STRING_CATALOGS = YES;
				MTL_ENABLE_DEBUG_INFO = NO;
				MTL_FAST_MATH = YES;
				SDKROOT = iphoneos;
				SWIFT_COMPILATION_MODE = wholemodule;
				VALIDATE_PRODUCT = YES;
			};
			name = Release;
		};
		DFD9D99C2CE3126000B1B2BC /* Debug */ = {
			isa = XCBuildConfiguration;
			buildSettings = {
				ASSETCATALOG_COMPILER_APPICON_NAME = AppIcon;
				ASSETCATALOG_COMPILER_GLOBAL_ACCENT_COLOR_NAME = AccentColor;
				CODE_SIGN_STYLE = Automatic;
				CURRENT_PROJECT_VERSION = 1;
				DEVELOPMENT_ASSET_PATHS = "\"INCamp-Hackaton/Preview Content\"";
				DEVELOPMENT_TEAM = 88SYZY3S4W;
				ENABLE_PREVIEWS = YES;
				GENERATE_INFOPLIST_FILE = YES;
				INFOPLIST_KEY_UIApplicationSceneManifest_Generation = YES;
				INFOPLIST_KEY_UIApplicationSupportsIndirectInputEvents = YES;
				INFOPLIST_KEY_UILaunchScreen_Generation = YES;
				INFOPLIST_KEY_UISupportedInterfaceOrientations_iPad = "UIInterfaceOrientationPortrait UIInterfaceOrientationPortraitUpsideDown UIInterfaceOrientationLandscapeLeft UIInterfaceOrientationLandscapeRight";
				INFOPLIST_KEY_UISupportedInterfaceOrientations_iPhone = "UIInterfaceOrientationPortrait UIInterfaceOrientationLandscapeLeft UIInterfaceOrientationLandscapeRight";
				LD_RUNPATH_SEARCH_PATHS = (
					"$(inherited)",
					"@executable_path/Frameworks",
				);
				MARKETING_VERSION = 1.0;
				PRODUCT_BUNDLE_IDENTIFIER = "Adam-Lee.INCamp-Hackaton";
				PRODUCT_NAME = "$(TARGET_NAME)";
				SWIFT_EMIT_LOC_STRINGS = YES;
				SWIFT_VERSION = 5.0;
				TARGETED_DEVICE_FAMILY = "1,2";
			};
			name = Debug;
		};
		DFD9D99D2CE3126000B1B2BC /* Release */ = {
			isa = XCBuildConfiguration;
			buildSettings = {
				ASSETCATALOG_COMPILER_APPICON_NAME = AppIcon;
				ASSETCATALOG_COMPILER_GLOBAL_ACCENT_COLOR_NAME = AccentColor;
				CODE_SIGN_STYLE = Automatic;
				CURRENT_PROJECT_VERSION = 1;
				DEVELOPMENT_ASSET_PATHS = "\"INCamp-Hackaton/Preview Content\"";
				DEVELOPMENT_TEAM = 88SYZY3S4W;
				ENABLE_PREVIEWS = YES;
				GENERATE_INFOPLIST_FILE = YES;
				INFOPLIST_KEY_UIApplicationSceneManifest_Generation = YES;
				INFOPLIST_KEY_UIApplicationSupportsIndirectInputEvents = YES;
				INFOPLIST_KEY_UILaunchScreen_Generation = YES;
				INFOPLIST_KEY_UISupportedInterfaceOrientations_iPad = "UIInterfaceOrientationPortrait UIInterfaceOrientationPortraitUpsideDown UIInterfaceOrientationLandscapeLeft UIInterfaceOrientationLandscapeRight";
				INFOPLIST_KEY_UISupportedInterfaceOrientations_iPhone = "UIInterfaceOrientationPortrait UIInterfaceOrientationLandscapeLeft UIInterfaceOrientationLandscapeRight";
				LD_RUNPATH_SEARCH_PATHS = (
					"$(inherited)",
					"@executable_path/Frameworks",
				);
				MARKETING_VERSION = 1.0;
				PRODUCT_BUNDLE_IDENTIFIER = "Adam-Lee.INCamp-Hackaton";
				PRODUCT_NAME = "$(TARGET_NAME)";
				SWIFT_EMIT_LOC_STRINGS = YES;
				SWIFT_VERSION = 5.0;
				TARGETED_DEVICE_FAMILY = "1,2";
			};
			name = Release;
		};
		DFD9D99F2CE3126000B1B2BC /* Debug */ = {
			isa = XCBuildConfiguration;
			buildSettings = {
				BUNDLE_LOADER = "$(TEST_HOST)";
				CODE_SIGN_STYLE = Automatic;
				CURRENT_PROJECT_VERSION = 1;
				DEVELOPMENT_TEAM = 88SYZY3S4W;
				GENERATE_INFOPLIST_FILE = YES;
				IPHONEOS_DEPLOYMENT_TARGET = 18.1;
				MARKETING_VERSION = 1.0;
				PRODUCT_BUNDLE_IDENTIFIER = "Adam-Lee.INCamp-HackatonTests";
				PRODUCT_NAME = "$(TARGET_NAME)";
				SWIFT_EMIT_LOC_STRINGS = NO;
				SWIFT_VERSION = 5.0;
				TARGETED_DEVICE_FAMILY = "1,2";
				TEST_HOST = "$(BUILT_PRODUCTS_DIR)/INCamp-Hackaton.app/$(BUNDLE_EXECUTABLE_FOLDER_PATH)/INCamp-Hackaton";
			};
			name = Debug;
		};
		DFD9D9A02CE3126000B1B2BC /* Release */ = {
			isa = XCBuildConfiguration;
			buildSettings = {
				BUNDLE_LOADER = "$(TEST_HOST)";
				CODE_SIGN_STYLE = Automatic;
				CURRENT_PROJECT_VERSION = 1;
				DEVELOPMENT_TEAM = 88SYZY3S4W;
				GENERATE_INFOPLIST_FILE = YES;
				IPHONEOS_DEPLOYMENT_TARGET = 18.1;
				MARKETING_VERSION = 1.0;
				PRODUCT_BUNDLE_IDENTIFIER = "Adam-Lee.INCamp-HackatonTests";
				PRODUCT_NAME = "$(TARGET_NAME)";
				SWIFT_EMIT_LOC_STRINGS = NO;
				SWIFT_VERSION = 5.0;
				TARGETED_DEVICE_FAMILY = "1,2";
				TEST_HOST = "$(BUILT_PRODUCTS_DIR)/INCamp-Hackaton.app/$(BUNDLE_EXECUTABLE_FOLDER_PATH)/INCamp-Hackaton";
			};
			name = Release;
		};
		DFD9D9A22CE3126000B1B2BC /* Debug */ = {
			isa = XCBuildConfiguration;
			buildSettings = {
				CODE_SIGN_STYLE = Automatic;
				CURRENT_PROJECT_VERSION = 1;
				DEVELOPMENT_TEAM = 88SYZY3S4W;
				GENERATE_INFOPLIST_FILE = YES;
				MARKETING_VERSION = 1.0;
				PRODUCT_BUNDLE_IDENTIFIER = "Adam-Lee.INCamp-HackatonUITests";
				PRODUCT_NAME = "$(TARGET_NAME)";
				SWIFT_EMIT_LOC_STRINGS = NO;
				SWIFT_VERSION = 5.0;
				TARGETED_DEVICE_FAMILY = "1,2";
				TEST_TARGET_NAME = "INCamp-Hackaton";
			};
			name = Debug;
		};
		DFD9D9A32CE3126000B1B2BC /* Release */ = {
			isa = XCBuildConfiguration;
			buildSettings = {
				CODE_SIGN_STYLE = Automatic;
				CURRENT_PROJECT_VERSION = 1;
				DEVELOPMENT_TEAM = 88SYZY3S4W;
				GENERATE_INFOPLIST_FILE = YES;
				MARKETING_VERSION = 1.0;
				PRODUCT_BUNDLE_IDENTIFIER = "Adam-Lee.INCamp-HackatonUITests";
				PRODUCT_NAME = "$(TARGET_NAME)";
				SWIFT_EMIT_LOC_STRINGS = NO;
				SWIFT_VERSION = 5.0;
				TARGETED_DEVICE_FAMILY = "1,2";
				TEST_TARGET_NAME = "INCamp-Hackaton";
			};
			name = Release;
		};
/* End XCBuildConfiguration section */

/* Begin XCConfigurationList section */
		DFD9D9722CE3125E00B1B2BC /* Build configuration list for PBXProject "INCamp-Hackaton" */ = {
			isa = XCConfigurationList;
			buildConfigurations = (
				DFD9D9992CE3126000B1B2BC /* Debug */,
				DFD9D99A2CE3126000B1B2BC /* Release */,
			);
			defaultConfigurationIsVisible = 0;
			defaultConfigurationName = Release;
		};
		DFD9D99B2CE3126000B1B2BC /* Build configuration list for PBXNativeTarget "INCamp-Hackaton" */ = {
			isa = XCConfigurationList;
			buildConfigurations = (
				DFD9D99C2CE3126000B1B2BC /* Debug */,
				DFD9D99D2CE3126000B1B2BC /* Release */,
			);
			defaultConfigurationIsVisible = 0;
			defaultConfigurationName = Release;
		};
		DFD9D99E2CE3126000B1B2BC /* Build configuration list for PBXNativeTarget "INCamp-HackatonTests" */ = {
			isa = XCConfigurationList;
			buildConfigurations = (
				DFD9D99F2CE3126000B1B2BC /* Debug */,
				DFD9D9A02CE3126000B1B2BC /* Release */,
			);
			defaultConfigurationIsVisible = 0;
			defaultConfigurationName = Release;
		};
		DFD9D9A12CE3126000B1B2BC /* Build configuration list for PBXNativeTarget "INCamp-HackatonUITests" */ = {
			isa = XCConfigurationList;
			buildConfigurations = (
				DFD9D9A22CE3126000B1B2BC /* Debug */,
				DFD9D9A32CE3126000B1B2BC /* Release */,
			);
			defaultConfigurationIsVisible = 0;
			defaultConfigurationName = Release;
		};
/* End XCConfigurationList section */
	};
	rootObject = DFD9D96F2CE3125E00B1B2BC /* Project object */;
}
